// !$*UTF8*$!
{
	archiveVersion = 1;
	classes = {
	};
	objectVersion = 46;
	objects = {

/* Begin PBXBuildFile section */
		34C136571F409A5900C222B6 /* AppDelegate.swift in Sources */ = {isa = PBXBuildFile; fileRef = 34C136561F409A5900C222B6 /* AppDelegate.swift */; };
		34C136591F409A5900C222B6 /* ViewController.swift in Sources */ = {isa = PBXBuildFile; fileRef = 34C136581F409A5900C222B6 /* ViewController.swift */; };
		34C1365C1F409A5900C222B6 /* Main.storyboard in Resources */ = {isa = PBXBuildFile; fileRef = 34C1365A1F409A5900C222B6 /* Main.storyboard */; };
		34C1365E1F409A5900C222B6 /* Assets.xcassets in Resources */ = {isa = PBXBuildFile; fileRef = 34C1365D1F409A5900C222B6 /* Assets.xcassets */; };
		34C136611F409A5900C222B6 /* LaunchScreen.storyboard in Resources */ = {isa = PBXBuildFile; fileRef = 34C1365F1F409A5900C222B6 /* LaunchScreen.storyboard */; };
		34C136691F409BA900C222B6 /* Musical-Notes-PNG-Image.png in Resources */ = {isa = PBXBuildFile; fileRef = 34C136681F409BA900C222B6 /* Musical-Notes-PNG-Image.png */; };
/* End PBXBuildFile section */

/* Begin PBXFileReference section */
		34C136531F409A5900C222B6 /* SillySong.app */ = {isa = PBXFileReference; explicitFileType = wrapper.application; includeInIndex = 0; path = SillySong.app; sourceTree = BUILT_PRODUCTS_DIR; };
		34C136561F409A5900C222B6 /* AppDelegate.swift */ = {isa = PBXFileReference; lastKnownFileType = sourcecode.swift; path = AppDelegate.swift; sourceTree = "<group>"; };
		34C136581F409A5900C222B6 /* ViewController.swift */ = {isa = PBXFileReference; lastKnownFileType = sourcecode.swift; path = ViewController.swift; sourceTree = "<group>"; };
		34C1365B1F409A5900C222B6 /* Base */ = {isa = PBXFileReference; lastKnownFileType = file.storyboard; name = Base; path = Base.lproj/Main.storyboard; sourceTree = "<group>"; };
		34C1365D1F409A5900C222B6 /* Assets.xcassets */ = {isa = PBXFileReference; lastKnownFileType = folder.assetcatalog; path = Assets.xcassets; sourceTree = "<group>"; };
		34C136601F409A5900C222B6 /* Base */ = {isa = PBXFileReference; lastKnownFileType = file.storyboard; name = Base; path = Base.lproj/LaunchScreen.storyboard; sourceTree = "<group>"; };
		34C136621F409A5900C222B6 /* Info.plist */ = {isa = PBXFileReference; lastKnownFileType = text.plist.xml; path = Info.plist; sourceTree = "<group>"; };
		34C136681F409BA900C222B6 /* Musical-Notes-PNG-Image.png */ = {isa = PBXFileReference; lastKnownFileType = image.png; path = "Musical-Notes-PNG-Image.png"; sourceTree = "<group>"; };
/* End PBXFileReference section */

/* Begin PBXFrameworksBuildPhase section */
		34C136501F409A5900C222B6 /* Frameworks */ = {
			isa = PBXFrameworksBuildPhase;
			buildActionMask = 2147483647;
			files = (
			);
			runOnlyForDeploymentPostprocessing = 0;
		};
/* End PBXFrameworksBuildPhase section */

/* Begin PBXGroup section */
		34C1364A1F409A5800C222B6 = {
			isa = PBXGroup;
			children = (
				34C136551F409A5900C222B6 /* SillySong */,
				34C136541F409A5900C222B6 /* Products */,
			);
			sourceTree = "<group>";
		};
		34C136541F409A5900C222B6 /* Products */ = {
			isa = PBXGroup;
			children = (
				34C136531F409A5900C222B6 /* SillySong.app */,
			);
			name = Products;
			sourceTree = "<group>";
		};
		34C136551F409A5900C222B6 /* SillySong */ = {
			isa = PBXGroup;
			children = (
				34C136561F409A5900C222B6 /* AppDelegate.swift */,
				34C136581F409A5900C222B6 /* ViewController.swift */,
				34C1365A1F409A5900C222B6 /* Main.storyboard */,
				34C136681F409BA900C222B6 /* Musical-Notes-PNG-Image.png */,
				34C1365D1F409A5900C222B6 /* Assets.xcassets */,
				34C1365F1F409A5900C222B6 /* LaunchScreen.storyboard */,
				34C136621F409A5900C222B6 /* Info.plist */,
			);
			path = SillySong;
			sourceTree = "<group>";
		};
/* End PBXGroup section */

/* Begin PBXNativeTarget section */
		34C136521F409A5900C222B6 /* SillySong */ = {
			isa = PBXNativeTarget;
			buildConfigurationList = 34C136651F409A5900C222B6 /* Build configuration list for PBXNativeTarget "SillySong" */;
			buildPhases = (
				34C1364F1F409A5900C222B6 /* Sources */,
				34C136501F409A5900C222B6 /* Frameworks */,
				34C136511F409A5900C222B6 /* Resources */,
			);
			buildRules = (
			);
			dependencies = (
			);
			name = SillySong;
			productName = SillySong;
			productReference = 34C136531F409A5900C222B6 /* SillySong.app */;
			productType = "com.apple.product-type.application";
		};
/* End PBXNativeTarget section */

/* Begin PBXProject section */
		34C1364B1F409A5900C222B6 /* Project object */ = {
			isa = PBXProject;
			attributes = {
				LastSwiftUpdateCheck = 0810;
				LastUpgradeCheck = 0810;
				ORGANIZATIONNAME = "VERDU SANJAY";
				TargetAttributes = {
					34C136521F409A5900C222B6 = {
						CreatedOnToolsVersion = 8.1;
						DevelopmentTeam = BF6R54VGWE;
						ProvisioningStyle = Automatic;
					};
				};
			};
			buildConfigurationList = 34C1364E1F409A5900C222B6 /* Build configuration list for PBXProject "SillySong" */;
			compatibilityVersion = "Xcode 3.2";
			developmentRegion = English;
			hasScannedForEncodings = 0;
			knownRegions = (
				en,
				Base,
			);
			mainGroup = 34C1364A1F409A5800C222B6;
			productRefGroup = 34C136541F409A5900C222B6 /* Products */;
			projectDirPath = "";
			projectRoot = "";
			targets = (
				34C136521F409A5900C222B6 /* SillySong */,
			);
		};
/* End PBXProject section */

/* Begin PBXResourcesBuildPhase section */
		34C136511F409A5900C222B6 /* Resources */ = {
			isa = PBXResourcesBuildPhase;
			buildActionMask = 2147483647;
			files = (
				34C136691F409BA900C222B6 /* Musical-Notes-PNG-Image.png in Resources */,
				34C136611F409A5900C222B6 /* LaunchScreen.storyboard in Resources */,
				34C1365E1F409A5900C222B6 /* Assets.xcassets in Resources */,
				34C1365C1F409A5900C222B6 /* Main.storyboard in Resources */,
			);
			runOnlyForDeploymentPostprocessing = 0;
		};
/* End PBXResourcesBuildPhase section */

/* Begin PBXSourcesBuildPhase section */
		34C1364F1F409A5900C222B6 /* Sources */ = {
			isa = PBXSourcesBuildPhase;
			buildActionMask = 2147483647;
			files = (
				34C136591F409A5900C222B6 /* ViewController.swift in Sources */,
				34C136571F409A5900C222B6 /* AppDelegate.swift in Sources */,
			);
			runOnlyForDeploymentPostprocessing = 0;
		};
/* End PBXSourcesBuildPhase section */

/* Begin PBXVariantGroup section */
		34C1365A1F409A5900C222B6 /* Main.storyboard */ = {
			isa = PBXVariantGroup;
			children = (
				34C1365B1F409A5900C222B6 /* Base */,
			);
			name = Main.storyboard;
			sourceTree = "<group>";
		};
		34C1365F1F409A5900C222B6 /* LaunchScreen.storyboard */ = {
			isa = PBXVariantGroup;
			children = (
				34C136601F409A5900C222B6 /* Base */,
			);
			name = LaunchScreen.storyboard;
			sourceTree = "<group>";
		};
/* End PBXVariantGroup section */

/* Begin XCBuildConfiguration section */
		34C136631F409A5900C222B6 /* Debug */ = {
			isa = XCBuildConfiguration;
			buildSettings = {
				ALWAYS_SEARCH_USER_PATHS = NO;
				CLANG_ANALYZER_NONNULL = YES;
				CLANG_CXX_LANGUAGE_STANDARD = "gnu++0x";
				CLANG_CXX_LIBRARY = "libc++";
				CLANG_ENABLE_MODULES = YES;
				CLANG_ENABLE_OBJC_ARC = YES;
				CLANG_WARN_BOOL_CONVERSION = YES;
				CLANG_WARN_CONSTANT_CONVERSION = YES;
				CLANG_WARN_DIRECT_OBJC_ISA_USAGE = YES_ERROR;
				CLANG_WARN_DOCUMENTATION_COMMENTS = YES;
				CLANG_WARN_EMPTY_BODY = YES;
				CLANG_WARN_ENUM_CONVERSION = YES;
				CLANG_WARN_INFINITE_RECURSION = YES;
				CLANG_WARN_INT_CONVERSION = YES;
				CLANG_WARN_OBJC_ROOT_CLASS = YES_ERROR;
				CLANG_WARN_SUSPICIOUS_MOVES = YES;
				CLANG_WARN_UNREACHABLE_CODE = YES;
				CLANG_WARN__DUPLICATE_METHOD_MATCH = YES;
				"CODE_SIGN_IDENTITY[sdk=iphoneos*]" = "iPhone Developer";
				COPY_PHASE_STRIP = NO;
				DEBUG_INFORMATION_FORMAT = dwarf;
				ENABLE_STRICT_OBJC_MSGSEND = YES;
				ENABLE_TESTABILITY = YES;
				GCC_C_LANGUAGE_STANDARD = gnu99;
				GCC_DYNAMIC_NO_PIC = NO;
				GCC_NO_COMMON_BLOCKS = YES;
				GCC_OPTIMIZATION_LEVEL = 0;
				GCC_PREPROCESSOR_DEFINITIONS = (
					"DEBUG=1",
					"$(inherited)",
				);
				GCC_WARN_64_TO_32_BIT_CONVERSION = YES;
				GCC_WARN_ABOUT_RETURN_TYPE = YES_ERROR;
				GCC_WARN_UNDECLARED_SELECTOR = YES;
				GCC_WARN_UNINITIALIZED_AUTOS = YES_AGGRESSIVE;
				GCC_WARN_UNUSED_FUNCTION = YES;
				GCC_WARN_UNUSED_VARIABLE = YES;
				IPHONEOS_DEPLOYMENT_TARGET = 10.1;
				MTL_ENABLE_DEBUG_INFO = YES;
				ONLY_ACTIVE_ARCH = YES;
				SDKROOT = iphoneos;
				SWIFT_ACTIVE_COMPILATION_CONDITIONS = DEBUG;
				SWIFT_OPTIMIZATION_LEVEL = "-Onone";
				TARGETED_DEVICE_FAMILY = "1,2";
			};
			name = Debug;
		};
		34C136641F409A5900C222B6 /* Release */ = {
			isa = XCBuildConfiguration;
			buildSettings = {
				ALWAYS_SEARCH_USER_PATHS = NO;
				CLANG_ANALYZER_NONNULL = YES;
				CLANG_CXX_LANGUAGE_STANDARD = "gnu++0x";
				CLANG_CXX_LIBRARY = "libc++";
				CLANG_ENABLE_MODULES = YES;
				CLANG_ENABLE_OBJC_ARC = YES;
				CLANG_WARN_BOOL_CONVERSION = YES;
				CLANG_WARN_CONSTANT_CONVERSION = YES;
				CLANG_WARN_DIRECT_OBJC_ISA_USAGE = YES_ERROR;
				CLANG_WARN_DOCUMENTATION_COMMENTS = YES;
				CLANG_WARN_EMPTY_BODY = YES;
				CLANG_WARN_ENUM_CONVERSION = YES;
				CLANG_WARN_INFINITE_RECURSION = YES;
				CLANG_WARN_INT_CONVERSION = YES;
				CLANG_WARN_OBJC_ROOT_CLASS = YES_ERROR;
				CLANG_WARN_SUSPICIOUS_MOVES = YES;
				CLANG_WARN_UNREACHABLE_CODE = YES;
				CLANG_WARN__DUPLICATE_METHOD_MATCH = YES;
				"CODE_SIGN_IDENTITY[sdk=iphoneos*]" = "iPhone Developer";
				COPY_PHASE_STRIP = NO;
				DEBUG_INFORMATION_FORMAT = "dwarf-with-dsym";
				ENABLE_NS_ASSERTIONS = NO;
				ENABLE_STRICT_OBJC_MSGSEND = YES;
				GCC_C_LANGUAGE_STANDARD = gnu99;
				GCC_NO_COMMON_BLOCKS = YES;
				GCC_WARN_64_TO_32_BIT_CONVERSION = YES;
				GCC_WARN_ABOUT_RETURN_TYPE = YES_ERROR;
				GCC_WARN_UNDECLARED_SELECTOR = YES;
				GCC_WARN_UNINITIALIZED_AUTOS = YES_AGGRESSIVE;
				GCC_WARN_UNUSED_FUNCTION = YES;
				GCC_WARN_UNUSED_VARIABLE = YES;
				IPHONEOS_DEPLOYMENT_TARGET = 10.1;
				MTL_ENABLE_DEBUG_INFO = NO;
				SDKROOT = iphoneos;
				SWIFT_OPTIMIZATION_LEVEL = "-Owholemodule";
				TARGETED_DEVICE_FAMILY = "1,2";
				VALIDATE_PRODUCT = YES;
			};
			name = Release;
		};
		34C136661F409A5900C222B6 /* Debug */ = {
			isa = XCBuildConfiguration;
			buildSettings = {
				ASSETCATALOG_COMPILER_APPICON_NAME = AppIcon;
				DEVELOPMENT_TEAM = BF6R54VGWE;
				INFOPLIST_FILE = SillySong/Info.plist;
				LD_RUNPATH_SEARCH_PATHS = "$(inherited) @executable_path/Frameworks";
				PRODUCT_BUNDLE_IDENTIFIER = com.codersanjay.SillySong;
				PRODUCT_NAME = "$(TARGET_NAME)";
				SWIFT_VERSION = 3.0;
			};
			name = Debug;
		};
		34C136671F409A5900C222B6 /* Release */ = {
			isa = XCBuildConfiguration;
			buildSettings = {
				ASSETCATALOG_COMPILER_APPICON_NAME = AppIcon;
				DEVELOPMENT_TEAM = BF6R54VGWE;
				INFOPLIST_FILE = SillySong/Info.plist;
				LD_RUNPATH_SEARCH_PATHS = "$(inherited) @executable_path/Frameworks";
				PRODUCT_BUNDLE_IDENTIFIER = com.codersanjay.SillySong;
				PRODUCT_NAME = "$(TARGET_NAME)";
				SWIFT_VERSION = 3.0;
			};
			name = Release;
		};
/* End XCBuildConfiguration section */

/* Begin XCConfigurationList section */
		34C1364E1F409A5900C222B6 /* Build configuration list for PBXProject "SillySong" */ = {
			isa = XCConfigurationList;
			buildConfigurations = (
				34C136631F409A5900C222B6 /* Debug */,
				34C136641F409A5900C222B6 /* Release */,
			);
			defaultConfigurationIsVisible = 0;
			defaultConfigurationName = Release;
		};
		34C136651F409A5900C222B6 /* Build configuration list for PBXNativeTarget "SillySong" */ = {
			isa = XCConfigurationList;
			buildConfigurations = (
				34C136661F409A5900C222B6 /* Debug */,
				34C136671F409A5900C222B6 /* Release */,
			);
			defaultConfigurationIsVisible = 0;
		};
/* End XCConfigurationList section */
	};
	rootObject = 34C1364B1F409A5900C222B6 /* Project object */;
}
